
Microsoft Visual Studio Solution File, Format Version 12.00
# Visual Studio Version 16
VisualStudioVersion = 16.0.31424.327
MinimumVisualStudioVersion = 10.0.40219.1
Project("{9A19103F-16F7-4668-BE54-9A1E7A4F7556}") = "TurAppen", "TurAppen\TurAppen.csproj", "{537D953A-750B-41B6-BD23-DFA7C26F9CA2}"
EndProject
Global
	GlobalSection(SolutionConfigurationPlatforms) = preSolution
		Debug|Any CPU = Debug|Any CPU
		Release|Any CPU = Release|Any CPU
	EndGlobalSection
	GlobalSection(ProjectConfigurationPlatforms) = postSolution
		{537D953A-750B-41B6-BD23-DFA7C26F9CA2}.Debug|Any CPU.ActiveCfg = Debug|Any CPU
		{537D953A-750B-41B6-BD23-DFA7C26F9CA2}.Debug|Any CPU.Build.0 = Debug|Any CPU
		{537D953A-750B-41B6-BD23-DFA7C26F9CA2}.Release|Any CPU.ActiveCfg = Release|Any CPU
		{537D953A-750B-41B6-BD23-DFA7C26F9CA2}.Release|Any CPU.Build.0 = Release|Any CPU
	EndGlobalSection
	GlobalSection(SolutionProperties) = preSolution
		HideSolutionNode = FALSE
	EndGlobalSection
	GlobalSection(ExtensibilityGlobals) = postSolution
		SolutionGuid = {78E99759-8CA0-49EA-AF24-7E72032569F2}
	EndGlobalSection
EndGlobal
